version: 1
lock_id: shared-org.192
owner: agent-or-user-id
parent_session_id: optional-parent-session-id
resource:
  type: file
  path: path/to/file.ext
lease:
  started_utc: "2026-02-13T01:01:00Z"
  ttl_min: 60
  heartbeat_utc: "2026-02-13T01:15:00Z"
  takeover_sla_min: 10
handoff:
  status: in_progress
  next_owner: optional-agent-id
  note: short context for takeover or release
